
Microsoft Visual Studio Solution File, Format Version 12.00
# Visual Studio Version 16
VisualStudioVersion = 16.0.33423.256
MinimumVisualStudioVersion = 10.0.40219.1
Project("{8BC9CEB8-8B4A-11D0-8D11-00A0C91BC942}") = "MedianOfTwoSortedArrays", "MedianOfTwoSortedArrays\MedianOfTwoSortedArrays.vcxproj", "{9BF3B585-1059-45D6-87DF-56377FF86AFC}"
EndProject
Global
	GlobalSection(SolutionConfigurationPlatforms) = preSolution
		Debug|x64 = Debug|x64
		Debug|x86 = Debug|x86
		Release|x64 = Release|x64
		Release|x86 = Release|x86
	EndGlobalSection
	GlobalSection(ProjectConfigurationPlatforms) = postSolution
		{9BF3B585-1059-45D6-87DF-56377FF86AFC}.Debug|x64.ActiveCfg = Debug|x64
		{9BF3B585-1059-45D6-87DF-56377FF86AFC}.Debug|x64.Build.0 = Debug|x64
		{9BF3B585-1059-45D6-87DF-56377FF86AFC}.Debug|x86.ActiveCfg = Debug|Win32
		{9BF3B585-1059-45D6-87DF-56377FF86AFC}.Debug|x86.Build.0 = Debug|Win32
		{9BF3B585-1059-45D6-87DF-56377FF86AFC}.Release|x64.ActiveCfg = Release|x64
		{9BF3B585-1059-45D6-87DF-56377FF86AFC}.Release|x64.Build.0 = Release|x64
		{9BF3B585-1059-45D6-87DF-56377FF86AFC}.Release|x86.ActiveCfg = Release|Win32
		{9BF3B585-1059-45D6-87DF-56377FF86AFC}.Release|x86.Build.0 = Release|Win32
	EndGlobalSection
	GlobalSection(SolutionProperties) = preSolution
		HideSolutionNode = FALSE
	EndGlobalSection
	GlobalSection(ExtensibilityGlobals) = postSolution
		SolutionGuid = {C15E32DA-117C-4CDA-B4DA-CEA8774FE1BD}
	EndGlobalSection
EndGlobal
